
Microsoft Visual Studio Solution File, Format Version 12.00
# Visual Studio Version 17
VisualStudioVersion = 17.1.32421.90
MinimumVisualStudioVersion = 10.0.40219.1
Project("{FAE04EC0-301F-11D3-BF4B-00C04F79EFBC}") = "GrpcRestExample", "GrpcRestExample\GrpcRestExample.csproj", "{DE5F350D-F937-4C91-BA0B-3B152A04712E}"
EndProject
Global
	GlobalSection(SolutionConfigurationPlatforms) = preSolution
		Debug|Any CPU = Debug|Any CPU
		Release|Any CPU = Release|Any CPU
	EndGlobalSection
	GlobalSection(ProjectConfigurationPlatforms) = postSolution
		{DE5F350D-F937-4C91-BA0B-3B152A04712E}.Debug|Any CPU.ActiveCfg = Debug|Any CPU
		{DE5F350D-F937-4C91-BA0B-3B152A04712E}.Debug|Any CPU.Build.0 = Debug|Any CPU
		{DE5F350D-F937-4C91-BA0B-3B152A04712E}.Release|Any CPU.ActiveCfg = Release|Any CPU
		{DE5F350D-F937-4C91-BA0B-3B152A04712E}.Release|Any CPU.Build.0 = Release|Any CPU
	EndGlobalSection
	GlobalSection(SolutionProperties) = preSolution
		HideSolutionNode = FALSE
	EndGlobalSection
	GlobalSection(ExtensibilityGlobals) = postSolution
		SolutionGuid = {1C008621-D1C7-422A-851C-6AF42372F177}
	EndGlobalSection
EndGlobal
